// !$*UTF8*$!
{
	archiveVersion = 1;
	classes = {
	};
	objectVersion = 50;
	objects = {

/* Begin PBXBuildFile section */
		20EBDA8023AF37200067437F /* AppDelegate.swift in Sources */ = {isa = PBXBuildFile; fileRef = 20EBDA7F23AF37200067437F /* AppDelegate.swift */; };
		20EBDA8223AF37200067437F /* SceneDelegate.swift in Sources */ = {isa = PBXBuildFile; fileRef = 20EBDA8123AF37200067437F /* SceneDelegate.swift */; };
		20EBDA8423AF37200067437F /* ContentView.swift in Sources */ = {isa = PBXBuildFile; fileRef = 20EBDA8323AF37200067437F /* ContentView.swift */; };
		20EBDA8623AF37210067437F /* Assets.xcassets in Resources */ = {isa = PBXBuildFile; fileRef = 20EBDA8523AF37210067437F /* Assets.xcassets */; };
		20EBDA8923AF37210067437F /* Preview Assets.xcassets in Resources */ = {isa = PBXBuildFile; fileRef = 20EBDA8823AF37210067437F /* Preview Assets.xcassets */; };
		20EBDA8C23AF37210067437F /* LaunchScreen.storyboard in Resources */ = {isa = PBXBuildFile; fileRef = 20EBDA8A23AF37210067437F /* LaunchScreen.storyboard */; };
		20EBDA9723AF37210067437F /* TipCalculatorTests.swift in Sources */ = {isa = PBXBuildFile; fileRef = 20EBDA9623AF37210067437F /* TipCalculatorTests.swift */; };
		20EBDAA223AF37210067437F /* TipCalculatorUITests.swift in Sources */ = {isa = PBXBuildFile; fileRef = 20EBDAA123AF37210067437F /* TipCalculatorUITests.swift */; };
/* End PBXBuildFile section */

/* Begin PBXContainerItemProxy section */
		20EBDA9323AF37210067437F /* PBXContainerItemProxy */ = {
			isa = PBXContainerItemProxy;
			containerPortal = 20EBDA7423AF37200067437F /* Project object */;
			proxyType = 1;
			remoteGlobalIDString = 20EBDA7B23AF37200067437F;
			remoteInfo = TipCalculator;
		};
		20EBDA9E23AF37210067437F /* PBXContainerItemProxy */ = {
			isa = PBXContainerItemProxy;
			containerPortal = 20EBDA7423AF37200067437F /* Project object */;
			proxyType = 1;
			remoteGlobalIDString = 20EBDA7B23AF37200067437F;
			remoteInfo = TipCalculator;
		};
/* End PBXContainerItemProxy section */

/* Begin PBXFileReference section */
		20EBDA7C23AF37200067437F /* TipCalculator.app */ = {isa = PBXFileReference; explicitFileType = wrapper.application; includeInIndex = 0; path = TipCalculator.app; sourceTree = BUILT_PRODUCTS_DIR; };
		20EBDA7F23AF37200067437F /* AppDelegate.swift */ = {isa = PBXFileReference; lastKnownFileType = sourcecode.swift; path = AppDelegate.swift; sourceTree = "<group>"; };
		20EBDA8123AF37200067437F /* SceneDelegate.swift */ = {isa = PBXFileReference; lastKnownFileType = sourcecode.swift; path = SceneDelegate.swift; sourceTree = "<group>"; };
		20EBDA8323AF37200067437F /* ContentView.swift */ = {isa = PBXFileReference; lastKnownFileType = sourcecode.swift; path = ContentView.swift; sourceTree = "<group>"; };
		20EBDA8523AF37210067437F /* Assets.xcassets */ = {isa = PBXFileReference; lastKnownFileType = folder.assetcatalog; path = Assets.xcassets; sourceTree = "<group>"; };
		20EBDA8823AF37210067437F /* Preview Assets.xcassets */ = {isa = PBXFileReference; lastKnownFileType = folder.assetcatalog; path = "Preview Assets.xcassets"; sourceTree = "<group>"; };
		20EBDA8B23AF37210067437F /* Base */ = {isa = PBXFileReference; lastKnownFileType = file.storyboard; name = Base; path = Base.lproj/LaunchScreen.storyboard; sourceTree = "<group>"; };
		20EBDA8D23AF37210067437F /* Info.plist */ = {isa = PBXFileReference; lastKnownFileType = text.plist.xml; path = Info.plist; sourceTree = "<group>"; };
		20EBDA9223AF37210067437F /* TipCalculatorTests.xctest */ = {isa = PBXFileReference; explicitFileType = wrapper.cfbundle; includeInIndex = 0; path = TipCalculatorTests.xctest; sourceTree = BUILT_PRODUCTS_DIR; };
		20EBDA9623AF37210067437F /* TipCalculatorTests.swift */ = {isa = PBXFileReference; lastKnownFileType = sourcecode.swift; path = TipCalculatorTests.swift; sourceTree = "<group>"; };
		20EBDA9823AF37210067437F /* Info.plist */ = {isa = PBXFileReference; lastKnownFileType = text.plist.xml; path = Info.plist; sourceTree = "<group>"; };
		20EBDA9D23AF37210067437F /* TipCalculatorUITests.xctest */ = {isa = PBXFileReference; explicitFileType = wrapper.cfbundle; includeInIndex = 0; path = TipCalculatorUITests.xctest; sourceTree = BUILT_PRODUCTS_DIR; };
		20EBDAA123AF37210067437F /* TipCalculatorUITests.swift */ = {isa = PBXFileReference; lastKnownFileType = sourcecode.swift; path = TipCalculatorUITests.swift; sourceTree = "<group>"; };
		20EBDAA323AF37210067437F /* Info.plist */ = {isa = PBXFileReference; lastKnownFileType = text.plist.xml; path = Info.plist; sourceTree = "<group>"; };
/* End PBXFileReference section */

/* Begin PBXFrameworksBuildPhase section */
		20EBDA7923AF37200067437F /* Frameworks */ = {
			isa = PBXFrameworksBuildPhase;
			buildActionMask = 2147483647;
			files = (
			);
			runOnlyForDeploymentPostprocessing = 0;
		};
		20EBDA8F23AF37210067437F /* Frameworks */ = {
			isa = PBXFrameworksBuildPhase;
			buildActionMask = 2147483647;
			files = (
			);
			runOnlyForDeploymentPostprocessing = 0;
		};
		20EBDA9A23AF37210067437F /* Frameworks */ = {
			isa = PBXFrameworksBuildPhase;
			buildActionMask = 2147483647;
			files = (
			);
			runOnlyForDeploymentPostprocessing = 0;
		};
/* End PBXFrameworksBuildPhase section */

/* Begin PBXGroup section */
		20EBDA7323AF37200067437F = {
			isa = PBXGroup;
			children = (
				20EBDA7E23AF37200067437F /* TipCalculator */,
				20EBDA9523AF37210067437F /* TipCalculatorTests */,
				20EBDAA023AF37210067437F /* TipCalculatorUITests */,
				20EBDA7D23AF37200067437F /* Products */,
			);
			sourceTree = "<group>";
		};
		20EBDA7D23AF37200067437F /* Products */ = {
			isa = PBXGroup;
			children = (
				20EBDA7C23AF37200067437F /* TipCalculator.app */,
				20EBDA9223AF37210067437F /* TipCalculatorTests.xctest */,
				20EBDA9D23AF37210067437F /* TipCalculatorUITests.xctest */,
			);
			name = Products;
			sourceTree = "<group>";
		};
		20EBDA7E23AF37200067437F /* TipCalculator */ = {
			isa = PBXGroup;
			children = (
				20EBDA7F23AF37200067437F /* AppDelegate.swift */,
				20EBDA8123AF37200067437F /* SceneDelegate.swift */,
				20EBDA8323AF37200067437F /* ContentView.swift */,
				20EBDA8523AF37210067437F /* Assets.xcassets */,
				20EBDA8A23AF37210067437F /* LaunchScreen.storyboard */,
				20EBDA8D23AF37210067437F /* Info.plist */,
				20EBDA8723AF37210067437F /* Preview Content */,
			);
			path = TipCalculator;
			sourceTree = "<group>";
		};
		20EBDA8723AF37210067437F /* Preview Content */ = {
			isa = PBXGroup;
			children = (
				20EBDA8823AF37210067437F /* Preview Assets.xcassets */,
			);
			path = "Preview Content";
			sourceTree = "<group>";
		};
		20EBDA9523AF37210067437F /* TipCalculatorTests */ = {
			isa = PBXGroup;
			children = (
				20EBDA9623AF37210067437F /* TipCalculatorTests.swift */,
				20EBDA9823AF37210067437F /* Info.plist */,
			);
			path = TipCalculatorTests;
			sourceTree = "<group>";
		};
		20EBDAA023AF37210067437F /* TipCalculatorUITests */ = {
			isa = PBXGroup;
			children = (
				20EBDAA123AF37210067437F /* TipCalculatorUITests.swift */,
				20EBDAA323AF37210067437F /* Info.plist */,
			);
			path = TipCalculatorUITests;
			sourceTree = "<group>";
		};
/* End PBXGroup section */

/* Begin PBXNativeTarget section */
		20EBDA7B23AF37200067437F /* TipCalculator */ = {
			isa = PBXNativeTarget;
			buildConfigurationList = 20EBDAA623AF37210067437F /* Build configuration list for PBXNativeTarget "TipCalculator" */;
			buildPhases = (
				20EBDA7823AF37200067437F /* Sources */,
				20EBDA7923AF37200067437F /* Frameworks */,
				20EBDA7A23AF37200067437F /* Resources */,
			);
			buildRules = (
			);
			dependencies = (
			);
			name = TipCalculator;
			productName = TipCalculator;
			productReference = 20EBDA7C23AF37200067437F /* TipCalculator.app */;
			productType = "com.apple.product-type.application";
		};
		20EBDA9123AF37210067437F /* TipCalculatorTests */ = {
			isa = PBXNativeTarget;
			buildConfigurationList = 20EBDAA923AF37210067437F /* Build configuration list for PBXNativeTarget "TipCalculatorTests" */;
			buildPhases = (
				20EBDA8E23AF37210067437F /* Sources */,
				20EBDA8F23AF37210067437F /* Frameworks */,
				20EBDA9023AF37210067437F /* Resources */,
			);
			buildRules = (
			);
			dependencies = (
				20EBDA9423AF37210067437F /* PBXTargetDependency */,
			);
			name = TipCalculatorTests;
			productName = TipCalculatorTests;
			productReference = 20EBDA9223AF37210067437F /* TipCalculatorTests.xctest */;
			productType = "com.apple.product-type.bundle.unit-test";
		};
		20EBDA9C23AF37210067437F /* TipCalculatorUITests */ = {
			isa = PBXNativeTarget;
			buildConfigurationList = 20EBDAAC23AF37210067437F /* Build configuration list for PBXNativeTarget "TipCalculatorUITests" */;
			buildPhases = (
				20EBDA9923AF37210067437F /* Sources */,
				20EBDA9A23AF37210067437F /* Frameworks */,
				20EBDA9B23AF37210067437F /* Resources */,
			);
			buildRules = (
			);
			dependencies = (
				20EBDA9F23AF37210067437F /* PBXTargetDependency */,
			);
			name = TipCalculatorUITests;
			productName = TipCalculatorUITests;
			productReference = 20EBDA9D23AF37210067437F /* TipCalculatorUITests.xctest */;
			productType = "com.apple.product-type.bundle.ui-testing";
		};
/* End PBXNativeTarget section */

/* Begin PBXProject section */
		20EBDA7423AF37200067437F /* Project object */ = {
			isa = PBXProject;
			attributes = {
				LastSwiftUpdateCheck = 1130;
				LastUpgradeCheck = 1130;
				ORGANIZATIONNAME = "Dylan Zhang";
				TargetAttributes = {
					20EBDA7B23AF37200067437F = {
						CreatedOnToolsVersion = 11.3;
					};
					20EBDA9123AF37210067437F = {
						CreatedOnToolsVersion = 11.3;
						TestTargetID = 20EBDA7B23AF37200067437F;
					};
					20EBDA9C23AF37210067437F = {
						CreatedOnToolsVersion = 11.3;
						TestTargetID = 20EBDA7B23AF37200067437F;
					};
				};
			};
			buildConfigurationList = 20EBDA7723AF37200067437F /* Build configuration list for PBXProject "TipCalculator" */;
			compatibilityVersion = "Xcode 9.3";
			developmentRegion = en;
			hasScannedForEncodings = 0;
			knownRegions = (
				en,
				Base,
			);
			mainGroup = 20EBDA7323AF37200067437F;
			productRefGroup = 20EBDA7D23AF37200067437F /* Products */;
			projectDirPath = "";
			projectRoot = "";
			targets = (
				20EBDA7B23AF37200067437F /* TipCalculator */,
				20EBDA9123AF37210067437F /* TipCalculatorTests */,
				20EBDA9C23AF37210067437F /* TipCalculatorUITests */,
			);
		};
/* End PBXProject section */

/* Begin PBXResourcesBuildPhase section */
		20EBDA7A23AF37200067437F /* Resources */ = {
			isa = PBXResourcesBuildPhase;
			buildActionMask = 2147483647;
			files = (
				20EBDA8C23AF37210067437F /* LaunchScreen.storyboard in Resources */,
				20EBDA8923AF37210067437F /* Preview Assets.xcassets in Resources */,
				20EBDA8623AF37210067437F /* Assets.xcassets in Resources */,
			);
			runOnlyForDeploymentPostprocessing = 0;
		};
		20EBDA9023AF37210067437F /* Resources */ = {
			isa = PBXResourcesBuildPhase;
			buildActionMask = 2147483647;
			files = (
			);
			runOnlyForDeploymentPostprocessing = 0;
		};
		20EBDA9B23AF37210067437F /* Resources */ = {
			isa = PBXResourcesBuildPhase;
			buildActionMask = 2147483647;
			files = (
			);
			runOnlyForDeploymentPostprocessing = 0;
		};
/* End PBXResourcesBuildPhase section */

/* Begin PBXSourcesBuildPhase section */
		20EBDA7823AF37200067437F /* Sources */ = {
			isa = PBXSourcesBuildPhase;
			buildActionMask = 2147483647;
			files = (
				20EBDA8023AF37200067437F /* AppDelegate.swift in Sources */,
				20EBDA8223AF37200067437F /* SceneDelegate.swift in Sources */,
				20EBDA8423AF37200067437F /* ContentView.swift in Sources */,
			);
			runOnlyForDeploymentPostprocessing = 0;
		};
		20EBDA8E23AF37210067437F /* Sources */ = {
			isa = PBXSourcesBuildPhase;
			buildActionMask = 2147483647;
			files = (
				20EBDA9723AF37210067437F /* TipCalculatorTests.swift in Sources */,
			);
			runOnlyForDeploymentPostprocessing = 0;
		};
		20EBDA9923AF37210067437F /* Sources */ = {
			isa = PBXSourcesBuildPhase;
			buildActionMask = 2147483647;
			files = (
				20EBDAA223AF37210067437F /* TipCalculatorUITests.swift in Sources */,
			);
			runOnlyForDeploymentPostprocessing = 0;
		};
/* End PBXSourcesBuildPhase section */

/* Begin PBXTargetDependency section */
		20EBDA9423AF37210067437F /* PBXTargetDependency */ = {
			isa = PBXTargetDependency;
			target = 20EBDA7B23AF37200067437F /* TipCalculator */;
			targetProxy = 20EBDA9323AF37210067437F /* PBXContainerItemProxy */;
		};
		20EBDA9F23AF37210067437F /* PBXTargetDependency */ = {
			isa = PBXTargetDependency;
			target = 20EBDA7B23AF37200067437F /* TipCalculator */;
			targetProxy = 20EBDA9E23AF37210067437F /* PBXContainerItemProxy */;
		};
/* End PBXTargetDependency section */

/* Begin PBXVariantGroup section */
		20EBDA8A23AF37210067437F /* LaunchScreen.storyboard */ = {
			isa = PBXVariantGroup;
			children = (
				20EBDA8B23AF37210067437F /* Base */,
			);
			name = LaunchScreen.storyboard;
			sourceTree = "<group>";
		};
/* End PBXVariantGroup section */

/* Begin XCBuildConfiguration section */
		20EBDAA423AF37210067437F /* Debug */ = {
			isa = XCBuildConfiguration;
			buildSettings = {
				ALWAYS_SEARCH_USER_PATHS = NO;
				CLANG_ANALYZER_NONNULL = YES;
				CLANG_ANALYZER_NUMBER_OBJECT_CONVERSION = YES_AGGRESSIVE;
				CLANG_CXX_LANGUAGE_STANDARD = "gnu++14";
				CLANG_CXX_LIBRARY = "libc++";
				CLANG_ENABLE_MODULES = YES;
				CLANG_ENABLE_OBJC_ARC = YES;
				CLANG_ENABLE_OBJC_WEAK = YES;
				CLANG_WARN_BLOCK_CAPTURE_AUTORELEASING = YES;
				CLANG_WARN_BOOL_CONVERSION = YES;
				CLANG_WARN_COMMA = YES;
				CLANG_WARN_CONSTANT_CONVERSION = YES;
				CLANG_WARN_DEPRECATED_OBJC_IMPLEMENTATIONS = YES;
				CLANG_WARN_DIRECT_OBJC_ISA_USAGE = YES_ERROR;
				CLANG_WARN_DOCUMENTATION_COMMENTS = YES;
				CLANG_WARN_EMPTY_BODY = YES;
				CLANG_WARN_ENUM_CONVERSION = YES;
				CLANG_WARN_INFINITE_RECURSION = YES;
				CLANG_WARN_INT_CONVERSION = YES;
				CLANG_WARN_NON_LITERAL_NULL_CONVERSION = YES;
				CLANG_WARN_OBJC_IMPLICIT_RETAIN_SELF = YES;
				CLANG_WARN_OBJC_LITERAL_CONVERSION = YES;
				CLANG_WARN_OBJC_ROOT_CLASS = YES_ERROR;
				CLANG_WARN_RANGE_LOOP_ANALYSIS = YES;
				CLANG_WARN_STRICT_PROTOTYPES = YES;
				CLANG_WARN_SUSPICIOUS_MOVE = YES;
				CLANG_WARN_UNGUARDED_AVAILABILITY = YES_AGGRESSIVE;
				CLANG_WARN_UNREACHABLE_CODE = YES;
				CLANG_WARN__DUPLICATE_METHOD_MATCH = YES;
				COPY_PHASE_STRIP = NO;
				DEBUG_INFORMATION_FORMAT = dwarf;
				ENABLE_STRICT_OBJC_MSGSEND = YES;
				ENABLE_TESTABILITY = YES;
				GCC_C_LANGUAGE_STANDARD = gnu11;
				GCC_DYNAMIC_NO_PIC = NO;
				GCC_NO_COMMON_BLOCKS = YES;
				GCC_OPTIMIZATION_LEVEL = 0;
				GCC_PREPROCESSOR_DEFINITIONS = (
					"DEBUG=1",
					"$(inherited)",
				);
				GCC_WARN_64_TO_32_BIT_CONVERSION = YES;
				GCC_WARN_ABOUT_RETURN_TYPE = YES_ERROR;
				GCC_WARN_UNDECLARED_SELECTOR = YES;
				GCC_WARN_UNINITIALIZED_AUTOS = YES_AGGRESSIVE;
				GCC_WARN_UNUSED_FUNCTION = YES;
				GCC_WARN_UNUSED_VARIABLE = YES;
				IPHONEOS_DEPLOYMENT_TARGET = 13.2;
				MTL_ENABLE_DEBUG_INFO = INCLUDE_SOURCE;
				MTL_FAST_MATH = YES;
				ONLY_ACTIVE_ARCH = YES;
				SDKROOT = iphoneos;
				SWIFT_ACTIVE_COMPILATION_CONDITIONS = DEBUG;
				SWIFT_OPTIMIZATION_LEVEL = "-Onone";
			};
			name = Debug;
		};
		20EBDAA523AF37210067437F /* Release */ = {
			isa = XCBuildConfiguration;
			buildSettings = {
				ALWAYS_SEARCH_USER_PATHS = NO;
				CLANG_ANALYZER_NONNULL = YES;
				CLANG_ANALYZER_NUMBER_OBJECT_CONVERSION = YES_AGGRESSIVE;
				CLANG_CXX_LANGUAGE_STANDARD = "gnu++14";
				CLANG_CXX_LIBRARY = "libc++";
				CLANG_ENABLE_MODULES = YES;
				CLANG_ENABLE_OBJC_ARC = YES;
				CLANG_ENABLE_OBJC_WEAK = YES;
				CLANG_WARN_BLOCK_CAPTURE_AUTORELEASING = YES;
				CLANG_WARN_BOOL_CONVERSION = YES;
				CLANG_WARN_COMMA = YES;
				CLANG_WARN_CONSTANT_CONVERSION = YES;
				CLANG_WARN_DEPRECATED_OBJC_IMPLEMENTATIONS = YES;
				CLANG_WARN_DIRECT_OBJC_ISA_USAGE = YES_ERROR;
				CLANG_WARN_DOCUMENTATION_COMMENTS = YES;
				CLANG_WARN_EMPTY_BODY = YES;
				CLANG_WARN_ENUM_CONVERSION = YES;
				CLANG_WARN_INFINITE_RECURSION = YES;
				CLANG_WARN_INT_CONVERSION = YES;
				CLANG_WARN_NON_LITERAL_NULL_CONVERSION = YES;
				CLANG_WARN_OBJC_IMPLICIT_RETAIN_SELF = YES;
				CLANG_WARN_OBJC_LITERAL_CONVERSION = YES;
				CLANG_WARN_OBJC_ROOT_CLASS = YES_ERROR;
				CLANG_WARN_RANGE_LOOP_ANALYSIS = YES;
				CLANG_WARN_STRICT_PROTOTYPES = YES;
				CLANG_WARN_SUSPICIOUS_MOVE = YES;
				CLANG_WARN_UNGUARDED_AVAILABILITY = YES_AGGRESSIVE;
				CLANG_WARN_UNREACHABLE_CODE = YES;
				CLANG_WARN__DUPLICATE_METHOD_MATCH = YES;
				COPY_PHASE_STRIP = NO;
				DEBUG_INFORMATION_FORMAT = "dwarf-with-dsym";
				ENABLE_NS_ASSERTIONS = NO;
				ENABLE_STRICT_OBJC_MSGSEND = YES;
				GCC_C_LANGUAGE_STANDARD = gnu11;
				GCC_NO_COMMON_BLOCKS = YES;
				GCC_WARN_64_TO_32_BIT_CONVERSION = YES;
				GCC_WARN_ABOUT_RETURN_TYPE = YES_ERROR;
				GCC_WARN_UNDECLARED_SELECTOR = YES;
				GCC_WARN_UNINITIALIZED_AUTOS = YES_AGGRESSIVE;
				GCC_WARN_UNUSED_FUNCTION = YES;
				GCC_WARN_UNUSED_VARIABLE = YES;
				IPHONEOS_DEPLOYMENT_TARGET = 13.2;
				MTL_ENABLE_DEBUG_INFO = NO;
				MTL_FAST_MATH = YES;
				SDKROOT = iphoneos;
				SWIFT_COMPILATION_MODE = wholemodule;
				SWIFT_OPTIMIZATION_LEVEL = "-O";
				VALIDATE_PRODUCT = YES;
			};
			name = Release;
		};
		20EBDAA723AF37210067437F /* Debug */ = {
			isa = XCBuildConfiguration;
			buildSettings = {
				ASSETCATALOG_COMPILER_APPICON_NAME = AppIcon;
				CODE_SIGN_STYLE = Automatic;
				DEVELOPMENT_ASSET_PATHS = "\"TipCalculator/Preview Content\"";
				ENABLE_PREVIEWS = YES;
				INFOPLIST_FILE = TipCalculator/Info.plist;
				LD_RUNPATH_SEARCH_PATHS = (
					"$(inherited)",
					"@executable_path/Frameworks",
				);
				PRODUCT_BUNDLE_IDENTIFIER = DZ.TipCalculator;
				PRODUCT_NAME = "$(TARGET_NAME)";
				SWIFT_VERSION = 5.0;
				TARGETED_DEVICE_FAMILY = "1,2";
			};
			name = Debug;
		};
		20EBDAA823AF37210067437F /* Release */ = {
			isa = XCBuildConfiguration;
			buildSettings = {
				ASSETCATALOG_COMPILER_APPICON_NAME = AppIcon;
				CODE_SIGN_STYLE = Automatic;
				DEVELOPMENT_ASSET_PATHS = "\"TipCalculator/Preview Content\"";
				ENABLE_PREVIEWS = YES;
				INFOPLIST_FILE = TipCalculator/Info.plist;
				LD_RUNPATH_SEARCH_PATHS = (
					"$(inherited)",
					"@executable_path/Frameworks",
				);
				PRODUCT_BUNDLE_IDENTIFIER = DZ.TipCalculator;
				PRODUCT_NAME = "$(TARGET_NAME)";
				SWIFT_VERSION = 5.0;
				TARGETED_DEVICE_FAMILY = "1,2";
			};
			name = Release;
		};
		20EBDAAA23AF37210067437F /* Debug */ = {
			isa = XCBuildConfiguration;
			buildSettings = {
				ALWAYS_EMBED_SWIFT_STANDARD_LIBRARIES = YES;
				BUNDLE_LOADER = "$(TEST_HOST)";
				CODE_SIGN_STYLE = Automatic;
				INFOPLIST_FILE = TipCalculatorTests/Info.plist;
				IPHONEOS_DEPLOYMENT_TARGET = 13.2;
				LD_RUNPATH_SEARCH_PATHS = (
					"$(inherited)",
					"@executable_path/Frameworks",
					"@loader_path/Frameworks",
				);
				PRODUCT_BUNDLE_IDENTIFIER = DZ.TipCalculatorTests;
				PRODUCT_NAME = "$(TARGET_NAME)";
				SWIFT_VERSION = 5.0;
				TARGETED_DEVICE_FAMILY = "1,2";
				TEST_HOST = "$(BUILT_PRODUCTS_DIR)/TipCalculator.app/TipCalculator";
			};
			name = Debug;
		};
		20EBDAAB23AF37210067437F /* Release */ = {
			isa = XCBuildConfiguration;
			buildSettings = {
				ALWAYS_EMBED_SWIFT_STANDARD_LIBRARIES = YES;
				BUNDLE_LOADER = "$(TEST_HOST)";
				CODE_SIGN_STYLE = Automatic;
				INFOPLIST_FILE = TipCalculatorTests/Info.plist;
				IPHONEOS_DEPLOYMENT_TARGET = 13.2;
				LD_RUNPATH_SEARCH_PATHS = (
					"$(inherited)",
					"@executable_path/Frameworks",
					"@loader_path/Frameworks",
				);
				PRODUCT_BUNDLE_IDENTIFIER = DZ.TipCalculatorTests;
				PRODUCT_NAME = "$(TARGET_NAME)";
				SWIFT_VERSION = 5.0;
				TARGETED_DEVICE_FAMILY = "1,2";
				TEST_HOST = "$(BUILT_PRODUCTS_DIR)/TipCalculator.app/TipCalculator";
			};
			name = Release;
		};
		20EBDAAD23AF37210067437F /* Debug */ = {
			isa = XCBuildConfiguration;
			buildSettings = {
				ALWAYS_EMBED_SWIFT_STANDARD_LIBRARIES = YES;
				CODE_SIGN_STYLE = Automatic;
				INFOPLIST_FILE = TipCalculatorUITests/Info.plist;
				LD_RUNPATH_SEARCH_PATHS = (
					"$(inherited)",
					"@executable_path/Frameworks",
					"@loader_path/Frameworks",
				);
				PRODUCT_BUNDLE_IDENTIFIER = DZ.TipCalculatorUITests;
				PRODUCT_NAME = "$(TARGET_NAME)";
				SWIFT_VERSION = 5.0;
				TARGETED_DEVICE_FAMILY = "1,2";
				TEST_TARGET_NAME = TipCalculator;
			};
			name = Debug;
		};
		20EBDAAE23AF37210067437F /* Release */ = {
			isa = XCBuildConfiguration;
			buildSettings = {
				ALWAYS_EMBED_SWIFT_STANDARD_LIBRARIES = YES;
				CODE_SIGN_STYLE = Automatic;
				INFOPLIST_FILE = TipCalculatorUITests/Info.plist;
				LD_RUNPATH_SEARCH_PATHS = (
					"$(inherited)",
					"@executable_path/Frameworks",
					"@loader_path/Frameworks",
				);
				PRODUCT_BUNDLE_IDENTIFIER = DZ.TipCalculatorUITests;
				PRODUCT_NAME = "$(TARGET_NAME)";
				SWIFT_VERSION = 5.0;
				TARGETED_DEVICE_FAMILY = "1,2";
				TEST_TARGET_NAME = TipCalculator;
			};
			name = Release;
		};
/* End XCBuildConfiguration section */

/* Begin XCConfigurationList section */
		20EBDA7723AF37200067437F /* Build configuration list for PBXProject "TipCalculator" */ = {
			isa = XCConfigurationList;
			buildConfigurations = (
				20EBDAA423AF37210067437F /* Debug */,
				20EBDAA523AF37210067437F /* Release */,
			);
			defaultConfigurationIsVisible = 0;
			defaultConfigurationName = Release;
		};
		20EBDAA623AF37210067437F /* Build configuration list for PBXNativeTarget "TipCalculator" */ = {
			isa = XCConfigurationList;
			buildConfigurations = (
				20EBDAA723AF37210067437F /* Debug */,
				20EBDAA823AF37210067437F /* Release */,
			);
			defaultConfigurationIsVisible = 0;
			defaultConfigurationName = Release;
		};
		20EBDAA923AF37210067437F /* Build configuration list for PBXNativeTarget "TipCalculatorTests" */ = {
			isa = XCConfigurationList;
			buildConfigurations = (
				20EBDAAA23AF37210067437F /* Debug */,
				20EBDAAB23AF37210067437F /* Release */,
			);
			defaultConfigurationIsVisible = 0;
			defaultConfigurationName = Release;
		};
		20EBDAAC23AF37210067437F /* Build configuration list for PBXNativeTarget "TipCalculatorUITests" */ = {
			isa = XCConfigurationList;
			buildConfigurations = (
				20EBDAAD23AF37210067437F /* Debug */,
				20EBDAAE23AF37210067437F /* Release */,
			);
			defaultConfigurationIsVisible = 0;
			defaultConfigurationName = Release;
		};
/* End XCConfigurationList section */
	};
	rootObject = 20EBDA7423AF37200067437F /* Project object */;
}
